
Microsoft Visual Studio Solution File, Format Version 12.00
# Visual Studio 15
VisualStudioVersion = 15.0.26124.0
MinimumVisualStudioVersion = 15.0.26124.0
Project("{FAE04EC0-301F-11D3-BF4B-00C04F79EFBC}") = "Persistence", "Persistence\Persistence.csproj", "{4F8400AC-8005-49E0-82BA-EEEB2A986DD5}"
EndProject
Project("{FAE04EC0-301F-11D3-BF4B-00C04F79EFBC}") = "DAL", "DAL\DAL.csproj", "{D5D1493B-1118-4A4A-9290-1EAA79ECA9AE}"
EndProject
Project("{FAE04EC0-301F-11D3-BF4B-00C04F79EFBC}") = "BL", "BL\BL.csproj", "{03E281DA-66EA-4C2F-82E3-D033846F93A9}"
EndProject
Project("{FAE04EC0-301F-11D3-BF4B-00C04F79EFBC}") = "PL_Console", "PL_Console\PL_Console.csproj", "{39070BFD-C5CB-4309-9C6B-7951D62473BB}"
EndProject
Project("{FAE04EC0-301F-11D3-BF4B-00C04F79EFBC}") = "DAL.Test", "DAL.Test\DAL.Test.csproj", "{0F1A867F-9258-47B1-A083-04EEE9C9BB10}"
EndProject
Project("{FAE04EC0-301F-11D3-BF4B-00C04F79EFBC}") = "BL.Test", "BL.Test\BL.Test.csproj", "{20CA11C0-C8D4-4881-BB0A-3186A6668647}"
EndProject
Global
	GlobalSection(SolutionConfigurationPlatforms) = preSolution
		Debug|Any CPU = Debug|Any CPU
		Debug|x64 = Debug|x64
		Debug|x86 = Debug|x86
		Release|Any CPU = Release|Any CPU
		Release|x64 = Release|x64
		Release|x86 = Release|x86
	EndGlobalSection
	GlobalSection(SolutionProperties) = preSolution
		HideSolutionNode = FALSE
	EndGlobalSection
	GlobalSection(ProjectConfigurationPlatforms) = postSolution
		{4F8400AC-8005-49E0-82BA-EEEB2A986DD5}.Debug|Any CPU.ActiveCfg = Debug|Any CPU
		{4F8400AC-8005-49E0-82BA-EEEB2A986DD5}.Debug|Any CPU.Build.0 = Debug|Any CPU
		{4F8400AC-8005-49E0-82BA-EEEB2A986DD5}.Debug|x64.ActiveCfg = Debug|Any CPU
		{4F8400AC-8005-49E0-82BA-EEEB2A986DD5}.Debug|x64.Build.0 = Debug|Any CPU
		{4F8400AC-8005-49E0-82BA-EEEB2A986DD5}.Debug|x86.ActiveCfg = Debug|Any CPU
		{4F8400AC-8005-49E0-82BA-EEEB2A986DD5}.Debug|x86.Build.0 = Debug|Any CPU
		{4F8400AC-8005-49E0-82BA-EEEB2A986DD5}.Release|Any CPU.ActiveCfg = Release|Any CPU
		{4F8400AC-8005-49E0-82BA-EEEB2A986DD5}.Release|Any CPU.Build.0 = Release|Any CPU
		{4F8400AC-8005-49E0-82BA-EEEB2A986DD5}.Release|x64.ActiveCfg = Release|Any CPU
		{4F8400AC-8005-49E0-82BA-EEEB2A986DD5}.Release|x64.Build.0 = Release|Any CPU
		{4F8400AC-8005-49E0-82BA-EEEB2A986DD5}.Release|x86.ActiveCfg = Release|Any CPU
		{4F8400AC-8005-49E0-82BA-EEEB2A986DD5}.Release|x86.Build.0 = Release|Any CPU
		{D5D1493B-1118-4A4A-9290-1EAA79ECA9AE}.Debug|Any CPU.ActiveCfg = Debug|Any CPU
		{D5D1493B-1118-4A4A-9290-1EAA79ECA9AE}.Debug|Any CPU.Build.0 = Debug|Any CPU
		{D5D1493B-1118-4A4A-9290-1EAA79ECA9AE}.Debug|x64.ActiveCfg = Debug|Any CPU
		{D5D1493B-1118-4A4A-9290-1EAA79ECA9AE}.Debug|x64.Build.0 = Debug|Any CPU
		{D5D1493B-1118-4A4A-9290-1EAA79ECA9AE}.Debug|x86.ActiveCfg = Debug|Any CPU
		{D5D1493B-1118-4A4A-9290-1EAA79ECA9AE}.Debug|x86.Build.0 = Debug|Any CPU
		{D5D1493B-1118-4A4A-9290-1EAA79ECA9AE}.Release|Any CPU.ActiveCfg = Release|Any CPU
		{D5D1493B-1118-4A4A-9290-1EAA79ECA9AE}.Release|Any CPU.Build.0 = Release|Any CPU
		{D5D1493B-1118-4A4A-9290-1EAA79ECA9AE}.Release|x64.ActiveCfg = Release|Any CPU
		{D5D1493B-1118-4A4A-9290-1EAA79ECA9AE}.Release|x64.Build.0 = Release|Any CPU
		{D5D1493B-1118-4A4A-9290-1EAA79ECA9AE}.Release|x86.ActiveCfg = Release|Any CPU
		{D5D1493B-1118-4A4A-9290-1EAA79ECA9AE}.Release|x86.Build.0 = Release|Any CPU
		{03E281DA-66EA-4C2F-82E3-D033846F93A9}.Debug|Any CPU.ActiveCfg = Debug|Any CPU
		{03E281DA-66EA-4C2F-82E3-D033846F93A9}.Debug|Any CPU.Build.0 = Debug|Any CPU
		{03E281DA-66EA-4C2F-82E3-D033846F93A9}.Debug|x64.ActiveCfg = Debug|Any CPU
		{03E281DA-66EA-4C2F-82E3-D033846F93A9}.Debug|x64.Build.0 = Debug|Any CPU
		{03E281DA-66EA-4C2F-82E3-D033846F93A9}.Debug|x86.ActiveCfg = Debug|Any CPU
		{03E281DA-66EA-4C2F-82E3-D033846F93A9}.Debug|x86.Build.0 = Debug|Any CPU
		{03E281DA-66EA-4C2F-82E3-D033846F93A9}.Release|Any CPU.ActiveCfg = Release|Any CPU
		{03E281DA-66EA-4C2F-82E3-D033846F93A9}.Release|Any CPU.Build.0 = Release|Any CPU
		{03E281DA-66EA-4C2F-82E3-D033846F93A9}.Release|x64.ActiveCfg = Release|Any CPU
		{03E281DA-66EA-4C2F-82E3-D033846F93A9}.Release|x64.Build.0 = Release|Any CPU
		{03E281DA-66EA-4C2F-82E3-D033846F93A9}.Release|x86.ActiveCfg = Release|Any CPU
		{03E281DA-66EA-4C2F-82E3-D033846F93A9}.Release|x86.Build.0 = Release|Any CPU
		{39070BFD-C5CB-4309-9C6B-7951D62473BB}.Debug|Any CPU.ActiveCfg = Debug|Any CPU
		{39070BFD-C5CB-4309-9C6B-7951D62473BB}.Debug|Any CPU.Build.0 = Debug|Any CPU
		{39070BFD-C5CB-4309-9C6B-7951D62473BB}.Debug|x64.ActiveCfg = Debug|Any CPU
		{39070BFD-C5CB-4309-9C6B-7951D62473BB}.Debug|x64.Build.0 = Debug|Any CPU
		{39070BFD-C5CB-4309-9C6B-7951D62473BB}.Debug|x86.ActiveCfg = Debug|Any CPU
		{39070BFD-C5CB-4309-9C6B-7951D62473BB}.Debug|x86.Build.0 = Debug|Any CPU
		{39070BFD-C5CB-4309-9C6B-7951D62473BB}.Release|Any CPU.ActiveCfg = Release|Any CPU
		{39070BFD-C5CB-4309-9C6B-7951D62473BB}.Release|Any CPU.Build.0 = Release|Any CPU
		{39070BFD-C5CB-4309-9C6B-7951D62473BB}.Release|x64.ActiveCfg = Release|Any CPU
		{39070BFD-C5CB-4309-9C6B-7951D62473BB}.Release|x64.Build.0 = Release|Any CPU
		{39070BFD-C5CB-4309-9C6B-7951D62473BB}.Release|x86.ActiveCfg = Release|Any CPU
		{39070BFD-C5CB-4309-9C6B-7951D62473BB}.Release|x86.Build.0 = Release|Any CPU
		{0F1A867F-9258-47B1-A083-04EEE9C9BB10}.Debug|Any CPU.ActiveCfg = Debug|Any CPU
		{0F1A867F-9258-47B1-A083-04EEE9C9BB10}.Debug|Any CPU.Build.0 = Debug|Any CPU
		{0F1A867F-9258-47B1-A083-04EEE9C9BB10}.Debug|x64.ActiveCfg = Debug|Any CPU
		{0F1A867F-9258-47B1-A083-04EEE9C9BB10}.Debug|x64.Build.0 = Debug|Any CPU
		{0F1A867F-9258-47B1-A083-04EEE9C9BB10}.Debug|x86.ActiveCfg = Debug|Any CPU
		{0F1A867F-9258-47B1-A083-04EEE9C9BB10}.Debug|x86.Build.0 = Debug|Any CPU
		{0F1A867F-9258-47B1-A083-04EEE9C9BB10}.Release|Any CPU.ActiveCfg = Release|Any CPU
		{0F1A867F-9258-47B1-A083-04EEE9C9BB10}.Release|Any CPU.Build.0 = Release|Any CPU
		{0F1A867F-9258-47B1-A083-04EEE9C9BB10}.Release|x64.ActiveCfg = Release|Any CPU
		{0F1A867F-9258-47B1-A083-04EEE9C9BB10}.Release|x64.Build.0 = Release|Any CPU
		{0F1A867F-9258-47B1-A083-04EEE9C9BB10}.Release|x86.ActiveCfg = Release|Any CPU
		{0F1A867F-9258-47B1-A083-04EEE9C9BB10}.Release|x86.Build.0 = Release|Any CPU
		{20CA11C0-C8D4-4881-BB0A-3186A6668647}.Debug|Any CPU.ActiveCfg = Debug|Any CPU
		{20CA11C0-C8D4-4881-BB0A-3186A6668647}.Debug|Any CPU.Build.0 = Debug|Any CPU
		{20CA11C0-C8D4-4881-BB0A-3186A6668647}.Debug|x64.ActiveCfg = Debug|Any CPU
		{20CA11C0-C8D4-4881-BB0A-3186A6668647}.Debug|x64.Build.0 = Debug|Any CPU
		{20CA11C0-C8D4-4881-BB0A-3186A6668647}.Debug|x86.ActiveCfg = Debug|Any CPU
		{20CA11C0-C8D4-4881-BB0A-3186A6668647}.Debug|x86.Build.0 = Debug|Any CPU
		{20CA11C0-C8D4-4881-BB0A-3186A6668647}.Release|Any CPU.ActiveCfg = Release|Any CPU
		{20CA11C0-C8D4-4881-BB0A-3186A6668647}.Release|Any CPU.Build.0 = Release|Any CPU
		{20CA11C0-C8D4-4881-BB0A-3186A6668647}.Release|x64.ActiveCfg = Release|Any CPU
		{20CA11C0-C8D4-4881-BB0A-3186A6668647}.Release|x64.Build.0 = Release|Any CPU
		{20CA11C0-C8D4-4881-BB0A-3186A6668647}.Release|x86.ActiveCfg = Release|Any CPU
		{20CA11C0-C8D4-4881-BB0A-3186A6668647}.Release|x86.Build.0 = Release|Any CPU
	EndGlobalSection
EndGlobal
